
Microsoft Visual Studio Solution File, Format Version 12.00
# Visual Studio 15
VisualStudioVersion = 15.0.26124.0
MinimumVisualStudioVersion = 15.0.26124.0
Project("{FAE04EC0-301F-11D3-BF4B-00C04F79EFBC}") = "ApiGateways", "ApiGateways\ApiGateways.csproj", "{1F9A2365-7E38-4691-A5D1-8D38E44C9228}"
EndProject
Project("{2150E333-8FDC-42A3-9474-1A3956D46DE8}") = "Catalog", "Catalog", "{58B16740-DE51-11EA-AEE7-032F11A45C50}"
EndProject
Project("{FAE04EC0-301F-11D3-BF4B-00C04F79EFBC}") = "Catalog.API", "Catalog.API\Catalog.API.csproj", "{28883A89-5B06-4029-8780-B238D734379F}"
EndProject
Global
	GlobalSection(SolutionConfigurationPlatforms) = preSolution
		Debug|Any CPU = Debug|Any CPU
		Debug|x64 = Debug|x64
		Debug|x86 = Debug|x86
		Release|Any CPU = Release|Any CPU
		Release|x64 = Release|x64
		Release|x86 = Release|x86
	EndGlobalSection
	GlobalSection(SolutionProperties) = preSolution
		HideSolutionNode = FALSE
	EndGlobalSection
	GlobalSection(ProjectConfigurationPlatforms) = postSolution
		{1F9A2365-7E38-4691-A5D1-8D38E44C9228}.Debug|Any CPU.ActiveCfg = Debug|Any CPU
		{1F9A2365-7E38-4691-A5D1-8D38E44C9228}.Debug|Any CPU.Build.0 = Debug|Any CPU
		{1F9A2365-7E38-4691-A5D1-8D38E44C9228}.Debug|x64.ActiveCfg = Debug|Any CPU
		{1F9A2365-7E38-4691-A5D1-8D38E44C9228}.Debug|x64.Build.0 = Debug|Any CPU
		{1F9A2365-7E38-4691-A5D1-8D38E44C9228}.Debug|x86.ActiveCfg = Debug|Any CPU
		{1F9A2365-7E38-4691-A5D1-8D38E44C9228}.Debug|x86.Build.0 = Debug|Any CPU
		{1F9A2365-7E38-4691-A5D1-8D38E44C9228}.Release|Any CPU.ActiveCfg = Release|Any CPU
		{1F9A2365-7E38-4691-A5D1-8D38E44C9228}.Release|Any CPU.Build.0 = Release|Any CPU
		{1F9A2365-7E38-4691-A5D1-8D38E44C9228}.Release|x64.ActiveCfg = Release|Any CPU
		{1F9A2365-7E38-4691-A5D1-8D38E44C9228}.Release|x64.Build.0 = Release|Any CPU
		{1F9A2365-7E38-4691-A5D1-8D38E44C9228}.Release|x86.ActiveCfg = Release|Any CPU
		{1F9A2365-7E38-4691-A5D1-8D38E44C9228}.Release|x86.Build.0 = Release|Any CPU
		{28883A89-5B06-4029-8780-B238D734379F}.Debug|Any CPU.ActiveCfg = Debug|Any CPU
		{28883A89-5B06-4029-8780-B238D734379F}.Debug|Any CPU.Build.0 = Debug|Any CPU
		{28883A89-5B06-4029-8780-B238D734379F}.Debug|x64.ActiveCfg = Debug|Any CPU
		{28883A89-5B06-4029-8780-B238D734379F}.Debug|x64.Build.0 = Debug|Any CPU
		{28883A89-5B06-4029-8780-B238D734379F}.Debug|x86.ActiveCfg = Debug|Any CPU
		{28883A89-5B06-4029-8780-B238D734379F}.Debug|x86.Build.0 = Debug|Any CPU
		{28883A89-5B06-4029-8780-B238D734379F}.Release|Any CPU.ActiveCfg = Release|Any CPU
		{28883A89-5B06-4029-8780-B238D734379F}.Release|Any CPU.Build.0 = Release|Any CPU
		{28883A89-5B06-4029-8780-B238D734379F}.Release|x64.ActiveCfg = Release|Any CPU
		{28883A89-5B06-4029-8780-B238D734379F}.Release|x64.Build.0 = Release|Any CPU
		{28883A89-5B06-4029-8780-B238D734379F}.Release|x86.ActiveCfg = Release|Any CPU
		{28883A89-5B06-4029-8780-B238D734379F}.Release|x86.Build.0 = Release|Any CPU
	EndGlobalSection
	GlobalSection(NestedProjects) = preSolution
		{28883A89-5B06-4029-8780-B238D734379F} = {58B16740-DE51-11EA-AEE7-032F11A45C50}
	EndGlobalSection
EndGlobal
